
Microsoft Visual Studio Solution File, Format Version 12.00
# Visual Studio Version 17
VisualStudioVersion = 17.14.36202.13
MinimumVisualStudioVersion = 10.0.40219.1
Project("{FAE04EC0-301F-11D3-BF4B-00C04F79EFBC}") = "BlockedCountries.API", "BlockedCountries.API\BlockedCountries.API.csproj", "{1ED80517-E5FF-405C-8BFA-31318975A212}"
EndProject
Project("{FAE04EC0-301F-11D3-BF4B-00C04F79EFBC}") = "BlockedCountries.Domain", "BlockedCountries.Domain\BlockedCountries.Domain.csproj", "{96B73A36-744A-4349-B31D-667295D5F62E}"
EndProject
Project("{FAE04EC0-301F-11D3-BF4B-00C04F79EFBC}") = "BlockedCountries.Infrastructure", "BlockedCountries.Infrastructure\BlockedCountries.Infrastructure.csproj", "{011400CF-3437-47D2-B706-DEA72E0CFB79}"
EndProject
Project("{FAE04EC0-301F-11D3-BF4B-00C04F79EFBC}") = "BlockedCountries.Application", "BlockedCountries.Application\BlockedCountries.Application.csproj", "{41DCE944-5A2B-475A-A101-544A2D169B0F}"
EndProject
Global
	GlobalSection(SolutionConfigurationPlatforms) = preSolution
		Debug|Any CPU = Debug|Any CPU
		Release|Any CPU = Release|Any CPU
	EndGlobalSection
	GlobalSection(ProjectConfigurationPlatforms) = postSolution
		{1ED80517-E5FF-405C-8BFA-31318975A212}.Debug|Any CPU.ActiveCfg = Debug|Any CPU
		{1ED80517-E5FF-405C-8BFA-31318975A212}.Debug|Any CPU.Build.0 = Debug|Any CPU
		{1ED80517-E5FF-405C-8BFA-31318975A212}.Release|Any CPU.ActiveCfg = Release|Any CPU
		{1ED80517-E5FF-405C-8BFA-31318975A212}.Release|Any CPU.Build.0 = Release|Any CPU
		{96B73A36-744A-4349-B31D-667295D5F62E}.Debug|Any CPU.ActiveCfg = Debug|Any CPU
		{96B73A36-744A-4349-B31D-667295D5F62E}.Debug|Any CPU.Build.0 = Debug|Any CPU
		{96B73A36-744A-4349-B31D-667295D5F62E}.Release|Any CPU.ActiveCfg = Release|Any CPU
		{96B73A36-744A-4349-B31D-667295D5F62E}.Release|Any CPU.Build.0 = Release|Any CPU
		{011400CF-3437-47D2-B706-DEA72E0CFB79}.Debug|Any CPU.ActiveCfg = Debug|Any CPU
		{011400CF-3437-47D2-B706-DEA72E0CFB79}.Debug|Any CPU.Build.0 = Debug|Any CPU
		{011400CF-3437-47D2-B706-DEA72E0CFB79}.Release|Any CPU.ActiveCfg = Release|Any CPU
		{011400CF-3437-47D2-B706-DEA72E0CFB79}.Release|Any CPU.Build.0 = Release|Any CPU
		{41DCE944-5A2B-475A-A101-544A2D169B0F}.Debug|Any CPU.ActiveCfg = Debug|Any CPU
		{41DCE944-5A2B-475A-A101-544A2D169B0F}.Debug|Any CPU.Build.0 = Debug|Any CPU
		{41DCE944-5A2B-475A-A101-544A2D169B0F}.Release|Any CPU.ActiveCfg = Release|Any CPU
		{41DCE944-5A2B-475A-A101-544A2D169B0F}.Release|Any CPU.Build.0 = Release|Any CPU
	EndGlobalSection
	GlobalSection(SolutionProperties) = preSolution
		HideSolutionNode = FALSE
	EndGlobalSection
	GlobalSection(ExtensibilityGlobals) = postSolution
		SolutionGuid = {A4D03D53-095A-4D7C-82C2-4687B31E7149}
	EndGlobalSection
EndGlobal
